<?xml version="1.0" encoding="utf-8"?>
<Project ToolsVersion="4.0" xmlns="http://schemas.microsoft.com/developer/msbuild/2003">
  <ItemGroup>
    <Filter Include="Source Files">
      <UniqueIdentifier>{8506bd60-e9ab-49ca-affa-95e6947afc70}</UniqueIdentifier>
      <Extensions>cpp;c;cxx;rc;def;r;odl;idl;hpj;bat</Extensions>
    </Filter>
    <Filter Include="Header Files">
      <UniqueIdentifier>{5471932c-2fee-47bc-b7a7-526dcc2049d0}</UniqueIdentifier>
      <Extensions>h;hpp;hxx;hm;inl</Extensions>
    </Filter>
    <Filter Include="Outpost2DLL">
      <UniqueIdentifier>{2028d51c-0f92-4335-81b4-30e3c5193a2e}</UniqueIdentifier>
    </Filter>
    <Filter Include="OP2Helper">
      <UniqueIdentifier>{cd0c1a3f-c97a-4052-9159-3f549535c109}</UniqueIdentifier>
    </Filter>
    <Filter Include="Resource Files">
      <UniqueIdentifier>{92c736f5-5484-42b6-a41f-452c67386591}</UniqueIdentifier>
      <Extensions>ico;cur;bmp;dlg;rc2;rct;bin;rgs;gif;jpg;jpeg;jpe</Extensions>
    </Filter>
    <Filter Include="OP2Helper\Source">
      <UniqueIdentifier>{8ec2bab8-e6ab-4947-ba17-d3a9ab936595}</UniqueIdentifier>
    </Filter>
    <Filter Include="OP2Helper\Header">
      <UniqueIdentifier>{30e6a646-b648-48bc-8329-b8f6d81d5d14}</UniqueIdentifier>
    </Filter>
    <Filter Include="Odasl">
      <UniqueIdentifier>{f46aea99-87fa-4bae-950d-ecd1f527e599}</UniqueIdentifier>
    </Filter>
  </ItemGroup>
  <ItemGroup>
    <ClCompile Include="OP2Helper\ColonyType.cpp">
      <Filter>OP2Helper\Source</Filter>
    </ClCompile>
    <ClCompile Include=".\OP2Helper\BaseBuilder.cpp">
      <Filter>OP2Helper\Source</Filter>
    </ClCompile>
    <ClCompile Include=".\OP2Helper\OP2Helper.cpp">
      <Filter>OP2Helper\Source</Filter>
    </ClCompile>
    <ClCompile Include="main.cpp">
      <Filter>Source Files</Filter>
    </ClCompile>
    <ClCompile Include="HFL\Source\GameMapEx.cpp">
      <Filter>Source Files</Filter>
    </ClCompile>
    <ClCompile Include="HFL\Source\HFLMain.cpp">
      <Filter>Source Files</Filter>
    </ClCompile>
    <ClCompile Include="HFL\Source\PaneButton.cpp">
      <Filter>Source Files</Filter>
    </ClCompile>
    <ClCompile Include="HFL\Source\PaneGFXSurface.cpp">
      <Filter>Source Files</Filter>
    </ClCompile>
    <ClCompile Include="HFL\Source\PaneReport.cpp">
      <Filter>Source Files</Filter>
    </ClCompile>
    <ClCompile Include="HFL\Source\PlayerEx.cpp">
      <Filter>Source Files</Filter>
    </ClCompile>
    <ClCompile Include="HFL\Source\StdPanes.cpp">
      <Filter>Source Files</Filter>
    </ClCompile>
    <ClCompile Include="HFL\Source\TethysGameEx.cpp">
      <Filter>Source Files</Filter>
    </ClCompile>
    <ClCompile Include="HFL\Source\TriggerEx.cpp">
      <Filter>Source Files</Filter>
    </ClCompile>
    <ClCompile Include="HFL\Source\UnitEx.cpp">
      <Filter>Source Files</Filter>
    </ClCompile>
    <ClCompile Include="HFL\Source\UnitInfo.cpp">
      <Filter>Source Files</Filter>
    </ClCompile>
    <ClCompile Include="Disasters.cpp">
      <Filter>Source Files</Filter>
    </ClCompile>
    <ClCompile Include="UnitHelper.cpp">
      <Filter>Source Files</Filter>
    </ClCompile>
    <ClCompile Include="PlayerBaseBuilder.cpp">
      <Filter>Source Files</Filter>
    </ClCompile>
    <ClCompile Include="AIHelper.cpp">
      <Filter>Source Files</Filter>
    </ClCompile>
    <ClCompile Include="SetupAIBase.cpp">
      <Filter>Source Files</Filter>
    </ClCompile>
    <ClCompile Include="AIFightGroups.cpp">
      <Filter>Source Files</Filter>
    </ClCompile>
    <ClCompile Include="Briefing.cpp">
      <Filter>Source Files</Filter>
    </ClCompile>
    <ClCompile Include="DllMain.cpp">
      <Filter>Source Files</Filter>
    </ClCompile>
    <ClCompile Include="PlayList.cpp">
      <Filter>Source Files</Filter>
    </ClCompile>
    <ClCompile Include="MapHelper.cpp">
      <Filter>Source Files</Filter>
    </ClCompile>
  </ItemGroup>
  <ItemGroup>
    <ClInclude Include="Outpost2DLL\GameMap.h">
      <Filter>Outpost2DLL</Filter>
    </ClInclude>
    <ClInclude Include="Outpost2DLL\Globals.h">
      <Filter>Outpost2DLL</Filter>
    </ClInclude>
    <ClInclude Include="Outpost2DLL\ScStub.h">
      <Filter>Outpost2DLL</Filter>
    </ClInclude>
    <ClInclude Include="Outpost2DLL\Trigger.h">
      <Filter>Outpost2DLL</Filter>
    </ClInclude>
    <ClInclude Include="Outpost2DLL\Unit.h">
      <Filter>Outpost2DLL</Filter>
    </ClInclude>
    <ClInclude Include="Outpost2DLL\UnitBlock.h">
      <Filter>Outpost2DLL</Filter>
    </ClInclude>
    <ClInclude Include="OP2Helper\BaseBuilderV2.h">
      <Filter>OP2Helper\Header</Filter>
    </ClInclude>
    <ClInclude Include="OP2Helper\ColonyType.h">
      <Filter>OP2Helper\Header</Filter>
    </ClInclude>
    <ClInclude Include="OP2Helper\Lava.h">
      <Filter>OP2Helper\Header</Filter>
    </ClInclude>
    <ClInclude Include="BaseData.h">
      <Filter>Header Files</Filter>
    </ClInclude>
    <ClInclude Include="Outpost2DLL\Enumerators.h">
      <Filter>Outpost2DLL</Filter>
    </ClInclude>
    <ClInclude Include="Outpost2DLL\Enums.h">
      <Filter>Outpost2DLL</Filter>
    </ClInclude>
    <ClInclude Include="Outpost2DLL\Groups.h">
      <Filter>Outpost2DLL</Filter>
    </ClInclude>
    <ClInclude Include="Outpost2DLL\MapIdEnum.h">
      <Filter>Outpost2DLL</Filter>
    </ClInclude>
    <ClInclude Include="Outpost2DLL\NonExportedEnums.h">
      <Filter>Outpost2DLL</Filter>
    </ClInclude>
    <ClInclude Include="Outpost2DLL\Outpost2DLL.h">
      <Filter>Outpost2DLL</Filter>
    </ClInclude>
    <ClInclude Include="Outpost2DLL\Player.h">
      <Filter>Outpost2DLL</Filter>
    </ClInclude>
    <ClInclude Include="Outpost2DLL\RequiredExports.h">
      <Filter>Outpost2DLL</Filter>
    </ClInclude>
    <ClInclude Include="Outpost2DLL\Structs.h">
      <Filter>Outpost2DLL</Filter>
    </ClInclude>
    <ClInclude Include="Outpost2DLL\TethysGame.h">
      <Filter>Outpost2DLL</Filter>
    </ClInclude>
    <ClInclude Include="HFL\Source\GameMapEx.h">
      <Filter>Header Files</Filter>
    </ClInclude>
    <ClInclude Include="HFL\Source\HFL.h">
      <Filter>Header Files</Filter>
    </ClInclude>
    <ClInclude Include="HFL\Source\HFLTypes.h">
      <Filter>Header Files</Filter>
    </ClInclude>
    <ClInclude Include="HFL\Source\PaneButton.h">
      <Filter>Header Files</Filter>
    </ClInclude>
    <ClInclude Include="HFL\Source\PaneGFXSurface.h">
      <Filter>Header Files</Filter>
    </ClInclude>
    <ClInclude Include="HFL\Source\PaneReport.h">
      <Filter>Header Files</Filter>
    </ClInclude>
    <ClInclude Include="HFL\Source\PlayerEx.h">
      <Filter>Header Files</Filter>
    </ClInclude>
    <ClInclude Include="HFL\Source\StdPanes.h">
      <Filter>Header Files</Filter>
    </ClInclude>
    <ClInclude Include="HFL\Source\TethysGameEx.h">
      <Filter>Header Files</Filter>
    </ClInclude>
    <ClInclude Include="HFL\Source\TriggerEx.h">
      <Filter>Header Files</Filter>
    </ClInclude>
    <ClInclude Include="HFL\Source\UnitEx.h">
      <Filter>Header Files</Filter>
    </ClInclude>
    <ClInclude Include="HFL\Source\UnitInfo.h">
      <Filter>Header Files</Filter>
    </ClInclude>
    <ClInclude Include="Disasters.h">
      <Filter>Header Files</Filter>
    </ClInclude>
    <ClInclude Include="UnitHelper.h">
      <Filter>Header Files</Filter>
    </ClInclude>
    <ClInclude Include="PlayerBaseBuilder.h">
      <Filter>Header Files</Filter>
    </ClInclude>
    <ClInclude Include="AIHelper.h">
      <Filter>Header Files</Filter>
    </ClInclude>
    <ClInclude Include="ScriptGlobal.h">
      <Filter>Header Files</Filter>
    </ClInclude>
    <ClInclude Include="AIFightGroups.h">
      <Filter>Header Files</Filter>
    </ClInclude>
    <ClInclude Include="odasl\odasl.h">
      <Filter>Odasl</Filter>
    </ClInclude>
    <ClInclude Include="MapHelper.h">
      <Filter>Header Files</Filter>
    </ClInclude>
    <ClInclude Include="PlayList.h">
      <Filter>Header Files</Filter>
    </ClInclude>
    <ClInclude Include="resource.h">
      <Filter>Header Files</Filter>
    </ClInclude>
  </ItemGroup>
  <ItemGroup>
    <Text Include="Readme.txt" />
  </ItemGroup>
  <ItemGroup>
    <None Include="odasl\odasl.def">
      <Filter>Odasl</Filter>
    </None>
    <None Include="odasl\build.bat">
      <Filter>Odasl</Filter>
    </None>
  </ItemGroup>
  <ItemGroup>
    <Library Include="odasl\odasl.lib">
      <Filter>Odasl</Filter>
    </Library>
  </ItemGroup>
  <ItemGroup>
    <ResourceCompile Include="Resource.rc">
      <Filter>Source Files</Filter>
    </ResourceCompile>
  </ItemGroup>
  <ItemGroup>
    <_EmbedManagedResourceFile Include="briefing.rtf">
      <Filter>Resource Files</Filter>
    </_EmbedManagedResourceFile>
  </ItemGroup>
</Project>