
Microsoft Visual Studio Solution File, Format Version 12.00
# Visual Studio 14
VisualStudioVersion = 14.0.24720.0
MinimumVisualStudioVersion = 10.0.40219.1
Project("{8BC9CEB8-8B4A-11D0-8D11-00A0C91BC942}") = "RisingFromTheAshes", "RisingFromTheAshes.vcxproj", "{2DD0A285-3253-4B9C-B425-680022F2BAC7}"
EndProject
Project("{8BC9CEB8-8B4A-11D0-8D11-00A0C91BC942}") = "Outpost2DLL", "..\..\API\Outpost2DLL\Outpost2DLL.vcxproj", "{B3F40368-F3CC-4EC5-A758-F5DAD08FEDDC}"
EndProject
Project("{8BC9CEB8-8B4A-11D0-8D11-00A0C91BC942}") = "OP2Helper", "..\..\API\OP2Helper\OP2Helper.vcxproj", "{0B520C87-4CFD-4A4D-ABD4-F87D26DF9AAD}"
EndProject
Project("{8BC9CEB8-8B4A-11D0-8D11-00A0C91BC942}") = "HFL", "..\..\API\HFL\Source\HFL.vcxproj", "{0FC43A25-FB89-4258-849B-CB3C0A061E0D}"
EndProject
Project("{911E67C6-3D85-4FCE-B560-20A9C3E3FF48}") = "Outpost2", "..\..\..\..\GameDownload\Outpost2\trunk\Outpost2.exe", "{D2FA1B30-2EBC-4199-BD12-A7C4A06B7B24}"
	ProjectSection(DebuggerProjectSystem) = preProject
		PortSupplier = 00000000-0000-0000-0000-000000000000
		Executable = C:\Users\Brett\Documents\Outpost2SVN\GameDownload\Outpost2\trunk\Outpost2.exe
		RemoteMachine = ENTERPRISEPC
		StartingDirectory = C:\Users\Brett\Documents\Outpost2SVN\GameDownload\Outpost2\trunk
		Environment = Default
		LaunchingEngine = 00000000-0000-0000-0000-000000000000
		UseLegacyDebugEngines = No
		LaunchSQLEngine = No
		AttachLaunchAction = No
	EndProjectSection
EndProject
Global
	GlobalSection(SolutionConfigurationPlatforms) = preSolution
		Debug|x64 = Debug|x64
		Debug|x86 = Debug|x86
		Release|x64 = Release|x64
		Release|x86 = Release|x86
		ReleaseMinSize|x64 = ReleaseMinSize|x64
		ReleaseMinSize|x86 = ReleaseMinSize|x86
	EndGlobalSection
	GlobalSection(ProjectConfigurationPlatforms) = postSolution
		{2DD0A285-3253-4B9C-B425-680022F2BAC7}.Debug|x64.ActiveCfg = Release|Win32
		{2DD0A285-3253-4B9C-B425-680022F2BAC7}.Debug|x64.Build.0 = Release|Win32
		{2DD0A285-3253-4B9C-B425-680022F2BAC7}.Debug|x86.ActiveCfg = Debug|Win32
		{2DD0A285-3253-4B9C-B425-680022F2BAC7}.Debug|x86.Build.0 = Debug|Win32
		{2DD0A285-3253-4B9C-B425-680022F2BAC7}.Release|x64.ActiveCfg = Release|Win32
		{2DD0A285-3253-4B9C-B425-680022F2BAC7}.Release|x64.Build.0 = Release|Win32
		{2DD0A285-3253-4B9C-B425-680022F2BAC7}.Release|x86.ActiveCfg = Release|Win32
		{2DD0A285-3253-4B9C-B425-680022F2BAC7}.Release|x86.Build.0 = Release|Win32
		{2DD0A285-3253-4B9C-B425-680022F2BAC7}.ReleaseMinSize|x64.ActiveCfg = Release|Win32
		{2DD0A285-3253-4B9C-B425-680022F2BAC7}.ReleaseMinSize|x64.Build.0 = Release|Win32
		{2DD0A285-3253-4B9C-B425-680022F2BAC7}.ReleaseMinSize|x86.ActiveCfg = Release|Win32
		{2DD0A285-3253-4B9C-B425-680022F2BAC7}.ReleaseMinSize|x86.Build.0 = Release|Win32
		{B3F40368-F3CC-4EC5-A758-F5DAD08FEDDC}.Debug|x64.ActiveCfg = Release|Win32
		{B3F40368-F3CC-4EC5-A758-F5DAD08FEDDC}.Debug|x86.ActiveCfg = Debug|Win32
		{B3F40368-F3CC-4EC5-A758-F5DAD08FEDDC}.Debug|x86.Build.0 = Debug|Win32
		{B3F40368-F3CC-4EC5-A758-F5DAD08FEDDC}.Release|x64.ActiveCfg = Release|Win32
		{B3F40368-F3CC-4EC5-A758-F5DAD08FEDDC}.Release|x86.ActiveCfg = Release|Win32
		{B3F40368-F3CC-4EC5-A758-F5DAD08FEDDC}.Release|x86.Build.0 = Release|Win32
		{B3F40368-F3CC-4EC5-A758-F5DAD08FEDDC}.ReleaseMinSize|x64.ActiveCfg = Release|Win32
		{B3F40368-F3CC-4EC5-A758-F5DAD08FEDDC}.ReleaseMinSize|x64.Build.0 = Release|Win32
		{B3F40368-F3CC-4EC5-A758-F5DAD08FEDDC}.ReleaseMinSize|x86.ActiveCfg = Release|Win32
		{B3F40368-F3CC-4EC5-A758-F5DAD08FEDDC}.ReleaseMinSize|x86.Build.0 = Release|Win32
		{0B520C87-4CFD-4A4D-ABD4-F87D26DF9AAD}.Debug|x64.ActiveCfg = Release|Win32
		{0B520C87-4CFD-4A4D-ABD4-F87D26DF9AAD}.Debug|x86.ActiveCfg = Debug|Win32
		{0B520C87-4CFD-4A4D-ABD4-F87D26DF9AAD}.Debug|x86.Build.0 = Debug|Win32
		{0B520C87-4CFD-4A4D-ABD4-F87D26DF9AAD}.Release|x64.ActiveCfg = Release|Win32
		{0B520C87-4CFD-4A4D-ABD4-F87D26DF9AAD}.Release|x86.ActiveCfg = Release|Win32
		{0B520C87-4CFD-4A4D-ABD4-F87D26DF9AAD}.Release|x86.Build.0 = Release|Win32
		{0B520C87-4CFD-4A4D-ABD4-F87D26DF9AAD}.ReleaseMinSize|x64.ActiveCfg = Release|Win32
		{0B520C87-4CFD-4A4D-ABD4-F87D26DF9AAD}.ReleaseMinSize|x86.ActiveCfg = Release|Win32
		{0B520C87-4CFD-4A4D-ABD4-F87D26DF9AAD}.ReleaseMinSize|x86.Build.0 = ReleaseMinSize|Win32
		{0FC43A25-FB89-4258-849B-CB3C0A061E0D}.Debug|x64.ActiveCfg = Debug|Win32
		{0FC43A25-FB89-4258-849B-CB3C0A061E0D}.Debug|x86.ActiveCfg = Debug|Win32
		{0FC43A25-FB89-4258-849B-CB3C0A061E0D}.Debug|x86.Build.0 = Debug|Win32
		{0FC43A25-FB89-4258-849B-CB3C0A061E0D}.Release|x64.ActiveCfg = Release|Win32
		{0FC43A25-FB89-4258-849B-CB3C0A061E0D}.Release|x86.ActiveCfg = Release|Win32
		{0FC43A25-FB89-4258-849B-CB3C0A061E0D}.Release|x86.Build.0 = Release|Win32
		{0FC43A25-FB89-4258-849B-CB3C0A061E0D}.ReleaseMinSize|x64.ActiveCfg = ReleaseMinSize|Win32
		{0FC43A25-FB89-4258-849B-CB3C0A061E0D}.ReleaseMinSize|x86.ActiveCfg = ReleaseMinSize|Win32
		{0FC43A25-FB89-4258-849B-CB3C0A061E0D}.ReleaseMinSize|x86.Build.0 = ReleaseMinSize|Win32
		{D2FA1B30-2EBC-4199-BD12-A7C4A06B7B24}.Debug|x64.ActiveCfg = Release|x86
		{D2FA1B30-2EBC-4199-BD12-A7C4A06B7B24}.Debug|x86.ActiveCfg = Release|x86
		{D2FA1B30-2EBC-4199-BD12-A7C4A06B7B24}.Release|x64.ActiveCfg = Release|x86
		{D2FA1B30-2EBC-4199-BD12-A7C4A06B7B24}.Release|x86.ActiveCfg = Release|x86
		{D2FA1B30-2EBC-4199-BD12-A7C4A06B7B24}.ReleaseMinSize|x64.ActiveCfg = Release|x86
		{D2FA1B30-2EBC-4199-BD12-A7C4A06B7B24}.ReleaseMinSize|x86.ActiveCfg = Release|x86
	EndGlobalSection
	GlobalSection(SolutionProperties) = preSolution
		HideSolutionNode = FALSE
	EndGlobalSection
EndGlobal
